{
    "_readme": [
        "This file locks the dependencies of your project to a known state",
        "Read more about it at http://getcomposer.org/doc/01-basic-usage.md#composer-lock-the-lock-file",
        "This file is @generated automatically"
    ],
    "hash": "911dbee0f86cf622118e4114ad5ad64e",
    "packages": [
        {
            "name": "ezyang/htmlpurifier",
            "version": "dev-master",
            "source": {
                "type": "git",
                "url": "https://github.com/ezyang/htmlpurifier.git",
                "reference": "80ebd4322e3b98bc25c3ed3effe99a1653bc00fc"
            },
            "dist": {
                "type": "zip",
                "url": "https://api.github.com/repos/ezyang/htmlpurifier/zipball/80ebd4322e3b98bc25c3ed3effe99a1653bc00fc",
                "reference": "80ebd4322e3b98bc25c3ed3effe99a1653bc00fc",
                "shasum": ""
            },
            "require": {
                "php": ">=5.2"
            },
            "type": "library",
            "autoload": {
                "psr-0": {
                    "HTMLPurifier": "library/"
                },
                "files": [
                    "library/HTMLPurifier.composer.php"
                ]
            },
            "notification-url": "https://packagist.org/downloads/",
            "license": [
                "LGPL"
            ],
            "authors": [
                {
                    "name": "Edward Z. Yang",
                    "email": "admin@htmlpurifier.org",
                    "homepage": "http://ezyang.com",
                    "role": "Developer"
                }
            ],
            "description": "Standards compliant HTML filter written in PHP",
            "homepage": "http://htmlpurifier.org/",
            "keywords": [
                "html"
            ],
            "time": "2014-02-04 20:17:24"
        },
        {
            "name": "illuminate/support",
            "version": "dev-master",
            "source": {
                "type": "git",
                "url": "https://github.com/illuminate/support.git",
                "reference": "feebfd401720f359afed515926e56ee0514fcff8"
            },
            "dist": {
                "type": "zip",
                "url": "https://api.github.com/repos/illuminate/support/zipball/feebfd401720f359afed515926e56ee0514fcff8",
                "reference": "feebfd401720f359afed515926e56ee0514fcff8",
                "shasum": ""
            },
            "require": {
                "php": ">=5.4.0"
            },
            "require-dev": {
                "jeremeamia/superclosure": "~1.0",
                "patchwork/utf8": "1.1.*"
            },
            "type": "library",
            "extra": {
                "branch-alias": {
                    "dev-master": "4.3-dev"
                }
            },
            "autoload": {
                "psr-4": {
                    "Illuminate\\Support\\": ""
                },
                "files": [
                    "helpers.php"
                ]
            },
            "notification-url": "https://packagist.org/downloads/",
            "license": [
                "MIT"
            ],
            "authors": [
                {
                    "name": "Taylor Otwell",
                    "email": "taylorotwell@gmail.com"
                }
            ],
            "time": "2014-07-24 02:36:36"
        },
        {
            "name": "regulus/tetra-text",
            "version": "dev-master",
            "source": {
                "type": "git",
                "url": "https://github.com/Regulus343/TetraText.git",
                "reference": "60d0e232dae40cc6ea2a776b9950d087ca2cb517"
            },
            "dist": {
                "type": "zip",
                "url": "https://api.github.com/repos/Regulus343/TetraText/zipball/60d0e232dae40cc6ea2a776b9950d087ca2cb517",
                "reference": "60d0e232dae40cc6ea2a776b9950d087ca2cb517",
                "shasum": ""
            },
            "require": {
                "ezyang/htmlpurifier": "dev-master",
                "illuminate/support": "4.x",
                "php": ">=5.3.0"
            },
            "type": "library",
            "autoload": {
                "classmap": [
                    "src/migrations"
                ],
                "psr-0": {
                    "Regulus\\TetraText": "src/"
                }
            },
            "notification-url": "https://packagist.org/downloads/",
            "license": [
                "MIT"
            ],
            "authors": [
                {
                    "name": "Cody Jassman",
                    "email": "me@codyjassman.com"
                }
            ],
            "description": "A small text/string formatting composer package that formats phone numbers, numeric values, money values and more.",
            "time": "2014-01-06 00:10:43"
        }
    ],
    "packages-dev": [

    ],
    "aliases": [

    ],
    "minimum-stability": "dev",
    "stability-flags": {
        "regulus/tetra-text": 20
    },
    "prefer-stable": false,
    "platform": {
        "php": ">=5.3.0"
    },
    "platform-dev": [

    ]
}
